
Microsoft Visual Studio Solution File, Format Version 12.00
# Visual Studio 15
VisualStudioVersion = 15.0.28307.421
MinimumVisualStudioVersion = 10.0.40219.1
Project("{9A19103F-16F7-4668-BE54-9A1E7A4F7556}") = "Backfy.Api", "src\Backfy.Api\Backfy.Api.csproj", "{AF1A7DF0-33EF-43C8-9921-F125A5A4A773}"
EndProject
Project("{2150E333-8FDC-42A3-9474-1A3956D46DE8}") = "Albums", "Albums", "{F69AA496-3830-4E2A-A254-04FADCAB6587}"
EndProject
Project("{2150E333-8FDC-42A3-9474-1A3956D46DE8}") = "Sales", "Sales", "{CD0BFB7D-B16A-420F-894A-8173B55C834D}"
EndProject
Project("{2150E333-8FDC-42A3-9474-1A3956D46DE8}") = "Common", "Common", "{871C4BA1-F058-404A-988D-3F16B236B890}"
EndProject
Project("{2150E333-8FDC-42A3-9474-1A3956D46DE8}") = "Domain", "Domain", "{6018C368-2BA9-4D58-901F-8532D2DAE4C8}"
EndProject
Project("{9A19103F-16F7-4668-BE54-9A1E7A4F7556}") = "Backfy.Albums.Repository", "src\Albums\Backfy.Albums.Repository\Backfy.Albums.Repository.csproj", "{C7265B15-F534-43E1-A354-9292342F3DA6}"
EndProject
Project("{9A19103F-16F7-4668-BE54-9A1E7A4F7556}") = "Backfy.Albums.Query", "src\Albums\Backfy.Albums.Query\Backfy.Albums.Query.csproj", "{D73C03FA-D934-420B-B1DC-78192978F4E2}"
EndProject
Project("{9A19103F-16F7-4668-BE54-9A1E7A4F7556}") = "Backfy.Albums.Query.Tests", "test\Albums\Backfy.Albums.Query.Tests\Backfy.Albums.Query.Tests.csproj", "{C97BD068-A6A8-473B-9031-A8A61870557B}"
EndProject
Project("{9A19103F-16F7-4668-BE54-9A1E7A4F7556}") = "Backfy.Albums.Repository.Tests", "test\Albums\Backfy.Albums.Repository.Tests\Backfy.Albums.Repository.Tests.csproj", "{BF3492EE-B73D-4029-BAD2-0B854EC65854}"
EndProject
Project("{9A19103F-16F7-4668-BE54-9A1E7A4F7556}") = "Backfy.Sales.Query", "src\Sales\Backfy.Sales.Query\Backfy.Sales.Query.csproj", "{B5A1094A-F942-4D05-9C95-23964A24B99A}"
EndProject
Project("{9A19103F-16F7-4668-BE54-9A1E7A4F7556}") = "Backfy.Sales.Query.Tests", "test\Sales\Backfy.Sales.Query.Tests\Backfy.Sales.Query.Tests.csproj", "{B0A3C372-A9E3-4F25-97B1-7E466DAD54EE}"
EndProject
Project("{9A19103F-16F7-4668-BE54-9A1E7A4F7556}") = "Backfy.Sales.Repository", "src\Sales\Backfy.Sales.Repository\Backfy.Sales.Repository.csproj", "{2D59DFE7-F001-4485-A3B8-431444265044}"
EndProject
Project("{9A19103F-16F7-4668-BE54-9A1E7A4F7556}") = "Backfy.Sales.Repository.Tests", "test\Sales\Backfy.Sales.Repository.Tests\Backfy.Sales.Repository.Tests.csproj", "{1165F7DE-EAA8-4767-BF7A-0637189FC0EE}"
EndProject
Project("{9A19103F-16F7-4668-BE54-9A1E7A4F7556}") = "Backfy.Sales.Command", "src\Sales\Backfy.Sales.Command\Backfy.Sales.Command.csproj", "{9BA03C4B-DD73-489B-960B-5864DBAE42B2}"
EndProject
Project("{9A19103F-16F7-4668-BE54-9A1E7A4F7556}") = "Backfy.Sales.Command.Tests", "test\Sales\Backfy.Sales.Command.Tests\Backfy.Sales.Command.Tests.csproj", "{DBD38107-0D1B-4C21-B566-7891466E8CD2}"
EndProject
Project("{9A19103F-16F7-4668-BE54-9A1E7A4F7556}") = "Backfy.Common.Infra", "src\Backfy.Common.Infra\Backfy.Common.Infra.csproj", "{D603A28E-0F94-4B51-A91A-30A16643CB2C}"
EndProject
Project("{E53339B2-1760-4266-BCC7-CA923CBCF16C}") = "docker-compose", "docker-compose.dcproj", "{22894952-9C16-4AE0-98A1-42E1FAA4C121}"
EndProject
Global
	GlobalSection(SolutionConfigurationPlatforms) = preSolution
		Debug|Any CPU = Debug|Any CPU
		Release|Any CPU = Release|Any CPU
	EndGlobalSection
	GlobalSection(ProjectConfigurationPlatforms) = postSolution
		{AF1A7DF0-33EF-43C8-9921-F125A5A4A773}.Debug|Any CPU.ActiveCfg = Debug|Any CPU
		{AF1A7DF0-33EF-43C8-9921-F125A5A4A773}.Debug|Any CPU.Build.0 = Debug|Any CPU
		{AF1A7DF0-33EF-43C8-9921-F125A5A4A773}.Release|Any CPU.ActiveCfg = Release|Any CPU
		{AF1A7DF0-33EF-43C8-9921-F125A5A4A773}.Release|Any CPU.Build.0 = Release|Any CPU
		{C7265B15-F534-43E1-A354-9292342F3DA6}.Debug|Any CPU.ActiveCfg = Debug|Any CPU
		{C7265B15-F534-43E1-A354-9292342F3DA6}.Debug|Any CPU.Build.0 = Debug|Any CPU
		{C7265B15-F534-43E1-A354-9292342F3DA6}.Release|Any CPU.ActiveCfg = Release|Any CPU
		{C7265B15-F534-43E1-A354-9292342F3DA6}.Release|Any CPU.Build.0 = Release|Any CPU
		{D73C03FA-D934-420B-B1DC-78192978F4E2}.Debug|Any CPU.ActiveCfg = Debug|Any CPU
		{D73C03FA-D934-420B-B1DC-78192978F4E2}.Debug|Any CPU.Build.0 = Debug|Any CPU
		{D73C03FA-D934-420B-B1DC-78192978F4E2}.Release|Any CPU.ActiveCfg = Release|Any CPU
		{D73C03FA-D934-420B-B1DC-78192978F4E2}.Release|Any CPU.Build.0 = Release|Any CPU
		{C97BD068-A6A8-473B-9031-A8A61870557B}.Debug|Any CPU.ActiveCfg = Debug|Any CPU
		{C97BD068-A6A8-473B-9031-A8A61870557B}.Debug|Any CPU.Build.0 = Debug|Any CPU
		{C97BD068-A6A8-473B-9031-A8A61870557B}.Release|Any CPU.ActiveCfg = Release|Any CPU
		{C97BD068-A6A8-473B-9031-A8A61870557B}.Release|Any CPU.Build.0 = Release|Any CPU
		{BF3492EE-B73D-4029-BAD2-0B854EC65854}.Debug|Any CPU.ActiveCfg = Debug|Any CPU
		{BF3492EE-B73D-4029-BAD2-0B854EC65854}.Debug|Any CPU.Build.0 = Debug|Any CPU
		{BF3492EE-B73D-4029-BAD2-0B854EC65854}.Release|Any CPU.ActiveCfg = Release|Any CPU
		{BF3492EE-B73D-4029-BAD2-0B854EC65854}.Release|Any CPU.Build.0 = Release|Any CPU
		{B5A1094A-F942-4D05-9C95-23964A24B99A}.Debug|Any CPU.ActiveCfg = Debug|Any CPU
		{B5A1094A-F942-4D05-9C95-23964A24B99A}.Debug|Any CPU.Build.0 = Debug|Any CPU
		{B5A1094A-F942-4D05-9C95-23964A24B99A}.Release|Any CPU.ActiveCfg = Release|Any CPU
		{B5A1094A-F942-4D05-9C95-23964A24B99A}.Release|Any CPU.Build.0 = Release|Any CPU
		{B0A3C372-A9E3-4F25-97B1-7E466DAD54EE}.Debug|Any CPU.ActiveCfg = Debug|Any CPU
		{B0A3C372-A9E3-4F25-97B1-7E466DAD54EE}.Debug|Any CPU.Build.0 = Debug|Any CPU
		{B0A3C372-A9E3-4F25-97B1-7E466DAD54EE}.Release|Any CPU.ActiveCfg = Release|Any CPU
		{B0A3C372-A9E3-4F25-97B1-7E466DAD54EE}.Release|Any CPU.Build.0 = Release|Any CPU
		{2D59DFE7-F001-4485-A3B8-431444265044}.Debug|Any CPU.ActiveCfg = Debug|Any CPU
		{2D59DFE7-F001-4485-A3B8-431444265044}.Debug|Any CPU.Build.0 = Debug|Any CPU
		{2D59DFE7-F001-4485-A3B8-431444265044}.Release|Any CPU.ActiveCfg = Release|Any CPU
		{2D59DFE7-F001-4485-A3B8-431444265044}.Release|Any CPU.Build.0 = Release|Any CPU
		{1165F7DE-EAA8-4767-BF7A-0637189FC0EE}.Debug|Any CPU.ActiveCfg = Debug|Any CPU
		{1165F7DE-EAA8-4767-BF7A-0637189FC0EE}.Debug|Any CPU.Build.0 = Debug|Any CPU
		{1165F7DE-EAA8-4767-BF7A-0637189FC0EE}.Release|Any CPU.ActiveCfg = Release|Any CPU
		{1165F7DE-EAA8-4767-BF7A-0637189FC0EE}.Release|Any CPU.Build.0 = Release|Any CPU
		{9BA03C4B-DD73-489B-960B-5864DBAE42B2}.Debug|Any CPU.ActiveCfg = Debug|Any CPU
		{9BA03C4B-DD73-489B-960B-5864DBAE42B2}.Debug|Any CPU.Build.0 = Debug|Any CPU
		{9BA03C4B-DD73-489B-960B-5864DBAE42B2}.Release|Any CPU.ActiveCfg = Release|Any CPU
		{9BA03C4B-DD73-489B-960B-5864DBAE42B2}.Release|Any CPU.Build.0 = Release|Any CPU
		{DBD38107-0D1B-4C21-B566-7891466E8CD2}.Debug|Any CPU.ActiveCfg = Debug|Any CPU
		{DBD38107-0D1B-4C21-B566-7891466E8CD2}.Debug|Any CPU.Build.0 = Debug|Any CPU
		{DBD38107-0D1B-4C21-B566-7891466E8CD2}.Release|Any CPU.ActiveCfg = Release|Any CPU
		{DBD38107-0D1B-4C21-B566-7891466E8CD2}.Release|Any CPU.Build.0 = Release|Any CPU
		{D603A28E-0F94-4B51-A91A-30A16643CB2C}.Debug|Any CPU.ActiveCfg = Debug|Any CPU
		{D603A28E-0F94-4B51-A91A-30A16643CB2C}.Debug|Any CPU.Build.0 = Debug|Any CPU
		{D603A28E-0F94-4B51-A91A-30A16643CB2C}.Release|Any CPU.ActiveCfg = Release|Any CPU
		{D603A28E-0F94-4B51-A91A-30A16643CB2C}.Release|Any CPU.Build.0 = Release|Any CPU
		{22894952-9C16-4AE0-98A1-42E1FAA4C121}.Debug|Any CPU.ActiveCfg = Debug|Any CPU
		{22894952-9C16-4AE0-98A1-42E1FAA4C121}.Debug|Any CPU.Build.0 = Debug|Any CPU
		{22894952-9C16-4AE0-98A1-42E1FAA4C121}.Release|Any CPU.ActiveCfg = Release|Any CPU
		{22894952-9C16-4AE0-98A1-42E1FAA4C121}.Release|Any CPU.Build.0 = Release|Any CPU
	EndGlobalSection
	GlobalSection(SolutionProperties) = preSolution
		HideSolutionNode = FALSE
	EndGlobalSection
	GlobalSection(NestedProjects) = preSolution
		{F69AA496-3830-4E2A-A254-04FADCAB6587} = {6018C368-2BA9-4D58-901F-8532D2DAE4C8}
		{CD0BFB7D-B16A-420F-894A-8173B55C834D} = {6018C368-2BA9-4D58-901F-8532D2DAE4C8}
		{C7265B15-F534-43E1-A354-9292342F3DA6} = {F69AA496-3830-4E2A-A254-04FADCAB6587}
		{D73C03FA-D934-420B-B1DC-78192978F4E2} = {F69AA496-3830-4E2A-A254-04FADCAB6587}
		{C97BD068-A6A8-473B-9031-A8A61870557B} = {F69AA496-3830-4E2A-A254-04FADCAB6587}
		{BF3492EE-B73D-4029-BAD2-0B854EC65854} = {F69AA496-3830-4E2A-A254-04FADCAB6587}
		{B5A1094A-F942-4D05-9C95-23964A24B99A} = {CD0BFB7D-B16A-420F-894A-8173B55C834D}
		{B0A3C372-A9E3-4F25-97B1-7E466DAD54EE} = {CD0BFB7D-B16A-420F-894A-8173B55C834D}
		{2D59DFE7-F001-4485-A3B8-431444265044} = {CD0BFB7D-B16A-420F-894A-8173B55C834D}
		{1165F7DE-EAA8-4767-BF7A-0637189FC0EE} = {CD0BFB7D-B16A-420F-894A-8173B55C834D}
		{9BA03C4B-DD73-489B-960B-5864DBAE42B2} = {CD0BFB7D-B16A-420F-894A-8173B55C834D}
		{DBD38107-0D1B-4C21-B566-7891466E8CD2} = {CD0BFB7D-B16A-420F-894A-8173B55C834D}
		{D603A28E-0F94-4B51-A91A-30A16643CB2C} = {871C4BA1-F058-404A-988D-3F16B236B890}
	EndGlobalSection
	GlobalSection(ExtensibilityGlobals) = postSolution
		SolutionGuid = {9BCF3900-C8C1-40C9-BFA3-3686B59B55BB}
	EndGlobalSection
EndGlobal
